{"SurveyEntry":{"SurveyID":"SV_eUJstaSWQeKykBM","SurveyName":"Gauteng Wellbeing Mapper - Biweekly Survey (Proper)","SurveyDescription":null,"SurveyOwnerID":"UR_57QRnsTINf23dAO","SurveyBrandID":"pretoria","DivisionID":"DV_0ICJM0jX7KK3lYh","SurveyLanguage":"EN","SurveyActiveResponseSet":"RS_9pouXcbUMJaeGKG","SurveyStatus":"Active","SurveyStartDate":"0000-00-00 00:00:00","SurveyExpirationDate":"0000-00-00 00:00:00","SurveyCreationDate":"2025-08-11 05:12:09","CreatorID":"UR_57QRnsTINf23dAO","LastModified":"2025-08-11 06:48:27","LastAccessed":"0000-00-00 00:00:00","LastActivated":"2025-08-11 06:48:27","Deleted":null},"SurveyElements":[{"SurveyID":"SV_eUJstaSWQeKykBM","Element":"BL","PrimaryAttribute":"Survey Blocks","SecondaryAttribute":null,"TertiaryAttribute":null,"Payload":[{"Type":"Default","Description":"Default Question Block","ID":"BL_4Zn9gF6cUlfWpvw","BlockElements":[{"Type":"Question","QuestionID":"QID1"},{"Type":"Question","QuestionID":"QID2"},{"Type":"Question","QuestionID":"QID3"},{"Type":"Question","QuestionID":"QID4"},{"Type":"Question","QuestionID":"QID5"},{"Type":"Question","QuestionID":"QID6"},{"Type":"Question","QuestionID":"QID7"},{"Type":"Question","QuestionID":"QID8"},{"Type":"Question","QuestionID":"QID9"},{"Type":"Question","QuestionID":"QID10"},{"Type":"Question","QuestionID":"QID11"},{"Type":"Question","QuestionID":"QID12"},{"Type":"Question","QuestionID":"QID13"},{"Type":"Question","QuestionID":"QID14"},{"Type":"Question","QuestionID":"QID15"},{"Type":"Question","QuestionID":"QID16"},{"Type":"Question","QuestionID":"QID17"},{"Type":"Question","QuestionID":"QID18"},{"Type":"Question","QuestionID":"QID19"},{"Type":"Question","QuestionID":"QID20"},{"Type":"Question","QuestionID":"QID21"},{"Type":"Question","QuestionID":"QID22"},{"Type":"Question","QuestionID":"QID23"},{"Type":"Question","QuestionID":"QID24"},{"Type":"Question","QuestionID":"QID25"},{"Type":"Question","QuestionID":"QID26"},{"Type":"Question","QuestionID":"QID27"},{"Type":"Question","QuestionID":"QID28"},{"Type":"Question","QuestionID":"QID29"},{"Type":"Question","QuestionID":"QID30"},{"Type":"Question","QuestionID":"QID31"},{"Type":"Question","QuestionID":"QID32"}]},{"Type":"Trash","Description":"Trash \/ Unused Questions","ID":"BL_81jUsz9Sw0eiL66"}]},{"SurveyID":"SV_eUJstaSWQeKykBM","Element":"FL","PrimaryAttribute":"Survey Flow","SecondaryAttribute":null,"TertiaryAttribute":null,"Payload":{"Flow":[{"ID":"BL_4Zn9gF6cUlfWpvw","Type":"Block","FlowID":"FL_2"}],"Properties":{"Count":2},"FlowID":"FL_1","Type":"Root"}},{"SurveyID":"SV_eUJstaSWQeKykBM","Element":"PL","PrimaryAttribute":"Preview Link","SecondaryAttribute":null,"TertiaryAttribute":null,"Payload":{"PreviewType":"Brand","PreviewID":"9df75fb9-bafa-4088-9714-6fd14b6b5fc0"}},{"SurveyID":"SV_eUJstaSWQeKykBM","Element":"PROJ","PrimaryAttribute":"CORE","SecondaryAttribute":null,"TertiaryAttribute":"1.1.0","Payload":{"ProjectCategory":"CORE","SchemaVersion":"1.1.0"}},{"SurveyID":"SV_eUJstaSWQeKykBM","Element":"QC","PrimaryAttribute":"Survey Question Count","SecondaryAttribute":"32","TertiaryAttribute":null,"Payload":null},{"SurveyID":"SV_eUJstaSWQeKykBM","Element":"RS","PrimaryAttribute":"RS_9pouXcbUMJaeGKG","SecondaryAttribute":"Default Response Set","TertiaryAttribute":null,"Payload":null},{"SurveyID":"SV_eUJstaSWQeKykBM","Element":"SCO","PrimaryAttribute":"Scoring","SecondaryAttribute":null,"TertiaryAttribute":null,"Payload":{"ScoringCategories":[],"ScoringCategoryGroups":[],"ScoringSummaryCategory":null,"ScoringSummaryAfterQuestions":0,"ScoringSummaryAfterSurvey":0,"DefaultScoringCategory":null,"AutoScoringCategory":null}},{"SurveyID":"SV_eUJstaSWQeKykBM","Element":"SO","PrimaryAttribute":"Survey Options","SecondaryAttribute":null,"TertiaryAttribute":null,"Payload":{"BackButton":"false","SaveAndContinue":"true","SurveyProtection":"PublicSurvey","BallotBoxStuffingPrevention":"false","NoIndex":"Yes","SecureResponseFiles":"true","SurveyExpiration":"None","SurveyTermination":"DefaultMessage","Header":"","Footer":"","ProgressBarDisplay":"None","PartialData":"+1 week","ValidationMessage":"","PreviousButton":"","NextButton":"","SurveyTitle":"Qualtrics Survey | Qualtrics Experience Management","SkinLibrary":"pretoria","SkinType":"templated","Skin":{"brandingId":"628556305","templateId":"*base","overrides":null},"NewScoring":1,"SurveyMetaDescription":"The most powerful, simple and trusted way to gather experience data. Start your journey to experience management and try a free account today."}},{"SurveyID":"SV_eUJstaSWQeKykBM","Element":"SQ","PrimaryAttribute":"QID1","SecondaryAttribute":null,"TertiaryAttribute":null,"Payload":{"QuestionID":"QID1","QuestionText":"Participant UUID (Hidden)","QuestionType":"TE","DataExportTag":"participant_uuid"}},{"SurveyID":"SV_eUJstaSWQeKykBM","Element":"SQ","PrimaryAttribute":"QID10","SecondaryAttribute":null,"TertiaryAttribute":null,"Payload":{"QuestionID":"QID10","QuestionText":"Has your daily life been filled with things that interest you?","QuestionType":"MC","Selector":"SAVR","DataExportTag":"daily_life_interesting","Choices":[{"Display":"At no time"},{"Display":"Some of the time"},{"Display":"Less than half of the time"},{"Display":"More than half of the time"},{"Display":"Most of the time"},{"Display":"All of the time"}]}},{"SurveyID":"SV_eUJstaSWQeKykBM","Element":"SQ","PrimaryAttribute":"QID11","SecondaryAttribute":null,"TertiaryAttribute":null,"Payload":{"QuestionID":"QID11","QuestionText":"I find it easy to cooperate with people","QuestionType":"MC","Selector":"SAVR","DataExportTag":"cooperate_with_people","Choices":{"1":{"Display":"Not at all"},"2":{"Display":"Slightly"},"3":{"Display":"Moderately"},"4":{"Display":"Very much"},"5":{"Display":"Completely"}}}},{"SurveyID":"SV_eUJstaSWQeKykBM","Element":"SQ","PrimaryAttribute":"QID12","SecondaryAttribute":null,"TertiaryAttribute":null,"Payload":{"QuestionID":"QID12","QuestionText":"I am always improving my skills","QuestionType":"MC","Selector":"SAVR","DataExportTag":"improving_skills","Choices":{"1":{"Display":"Not at all"},"2":{"Display":"Slightly"},"3":{"Display":"Moderately"},"4":{"Display":"Very much"},"5":{"Display":"Completely"}}}},{"SurveyID":"SV_eUJstaSWQeKykBM","Element":"SQ","PrimaryAttribute":"QID13","SecondaryAttribute":null,"TertiaryAttribute":null,"Payload":{"QuestionID":"QID13","QuestionText":"I feel comfortable in social situations","QuestionType":"MC","Selector":"SAVR","DataExportTag":"social_situations","Choices":{"1":{"Display":"Not at all"},"2":{"Display":"Slightly"},"3":{"Display":"Moderately"},"4":{"Display":"Very much"},"5":{"Display":"Completely"}}}},{"SurveyID":"SV_eUJstaSWQeKykBM","Element":"SQ","PrimaryAttribute":"QID14","SecondaryAttribute":null,"TertiaryAttribute":null,"Payload":{"QuestionID":"QID14","QuestionText":"There is always someone in my family who can give me support","QuestionType":"MC","Selector":"SAVR","DataExportTag":"family_support","Choices":{"1":{"Display":"Not at all"},"2":{"Display":"Slightly"},"3":{"Display":"Moderately"},"4":{"Display":"Very much"},"5":{"Display":"Completely"}}}},{"SurveyID":"SV_eUJstaSWQeKykBM","Element":"SQ","PrimaryAttribute":"QID15","SecondaryAttribute":null,"TertiaryAttribute":null,"Payload":{"QuestionID":"QID15","QuestionText":"There is always someone in my family who really knows me","QuestionType":"MC","Selector":"SAVR","DataExportTag":"family_knows_me","Choices":{"1":{"Display":"Not at all"},"2":{"Display":"Slightly"},"3":{"Display":"Moderately"},"4":{"Display":"Very much"},"5":{"Display":"Completely"}}}},{"SurveyID":"SV_eUJstaSWQeKykBM","Element":"SQ","PrimaryAttribute":"QID16","SecondaryAttribute":null,"TertiaryAttribute":null,"Payload":{"QuestionID":"QID16","QuestionText":"I have access to the food I need","QuestionType":"MC","Selector":"SAVR","DataExportTag":"access_to_food","Choices":{"1":{"Display":"Not at all"},"2":{"Display":"Slightly"},"3":{"Display":"Moderately"},"4":{"Display":"Very much"},"5":{"Display":"Completely"}}}},{"SurveyID":"SV_eUJstaSWQeKykBM","Element":"SQ","PrimaryAttribute":"QID17","SecondaryAttribute":null,"TertiaryAttribute":null,"Payload":{"QuestionID":"QID17","QuestionText":"There are people who enjoy spending time with me","QuestionType":"MC","Selector":"SAVR","DataExportTag":"people_enjoy_time","Choices":{"1":{"Display":"Not at all"},"2":{"Display":"Slightly"},"3":{"Display":"Moderately"},"4":{"Display":"Very much"},"5":{"Display":"Completely"}}}},{"SurveyID":"SV_eUJstaSWQeKykBM","Element":"SQ","PrimaryAttribute":"QID18","SecondaryAttribute":null,"TertiaryAttribute":null,"Payload":{"QuestionID":"QID18","QuestionText":"I can talk to my family about problems","QuestionType":"MC","Selector":"SAVR","DataExportTag":"talk_to_family","Choices":{"1":{"Display":"Not at all"},"2":{"Display":"Slightly"},"3":{"Display":"Moderately"},"4":{"Display":"Very much"},"5":{"Display":"Completely"}}}},{"SurveyID":"SV_eUJstaSWQeKykBM","Element":"SQ","PrimaryAttribute":"QID19","SecondaryAttribute":null,"TertiaryAttribute":null,"Payload":{"QuestionID":"QID19","QuestionText":"I have friends who can give me support","QuestionType":"MC","Selector":"SAVR","DataExportTag":"friends_support","Choices":{"1":{"Display":"Not at all"},"2":{"Display":"Slightly"},"3":{"Display":"Moderately"},"4":{"Display":"Very much"},"5":{"Display":"Completely"}}}},{"SurveyID":"SV_eUJstaSWQeKykBM","Element":"SQ","PrimaryAttribute":"QID2","SecondaryAttribute":null,"TertiaryAttribute":null,"Payload":{"QuestionID":"QID2","QuestionText":"What activities have you done recently? (Select all that apply)","QuestionType":"MC","Selector":"MAVR","SubSelector":"TX","DataExportTag":"activities","Choices":{"1":{"Display":"Work"},"2":{"Display":"Study"},"3":{"Display":"Household chores"},"4":{"Display":"Childcare"},"5":{"Display":"Shopping"},"6":{"Display":"Exercise\/sport"},"7":{"Display":"Socializing"},"8":{"Display":"Recreation"},"9":{"Display":"Healthcare visits"},"10":{"Display":"Religious activities"},"11":{"Display":"Other"}}}},{"SurveyID":"SV_eUJstaSWQeKykBM","Element":"SQ","PrimaryAttribute":"QID20","SecondaryAttribute":null,"TertiaryAttribute":null,"Payload":{"QuestionID":"QID20","QuestionText":"I feel like I belong in my community","QuestionType":"MC","Selector":"SAVR","DataExportTag":"belong_in_community","Choices":{"1":{"Display":"Not at all"},"2":{"Display":"Slightly"},"3":{"Display":"Moderately"},"4":{"Display":"Very much"},"5":{"Display":"Completely"}}}},{"SurveyID":"SV_eUJstaSWQeKykBM","Element":"SQ","PrimaryAttribute":"QID21","SecondaryAttribute":null,"TertiaryAttribute":null,"Payload":{"QuestionID":"QID21","QuestionText":"My family stands by me during difficult times","QuestionType":"MC","Selector":"SAVR","DataExportTag":"family_stands_by_me","Choices":{"1":{"Display":"Not at all"},"2":{"Display":"Slightly"},"3":{"Display":"Moderately"},"4":{"Display":"Very much"},"5":{"Display":"Completely"}}}},{"SurveyID":"SV_eUJstaSWQeKykBM","Element":"SQ","PrimaryAttribute":"QID22","SecondaryAttribute":null,"TertiaryAttribute":null,"Payload":{"QuestionID":"QID22","QuestionText":"My friends stand by me during difficult times","QuestionType":"MC","Selector":"SAVR","DataExportTag":"friends_stand_by_me","Choices":{"1":{"Display":"Not at all"},"2":{"Display":"Slightly"},"3":{"Display":"Moderately"},"4":{"Display":"Very much"},"5":{"Display":"Completely"}}}},{"SurveyID":"SV_eUJstaSWQeKykBM","Element":"SQ","PrimaryAttribute":"QID23","SecondaryAttribute":null,"TertiaryAttribute":null,"Payload":{"QuestionID":"QID23","QuestionText":"I feel that I am treated fairly by others","QuestionType":"MC","Selector":"SAVR","DataExportTag":"treated_fairly","Choices":{"1":{"Display":"Not at all"},"2":{"Display":"Slightly"},"3":{"Display":"Moderately"},"4":{"Display":"Very much"},"5":{"Display":"Completely"}}}},{"SurveyID":"SV_eUJstaSWQeKykBM","Element":"SQ","PrimaryAttribute":"QID24","SecondaryAttribute":null,"TertiaryAttribute":null,"Payload":{"QuestionID":"QID24","QuestionText":"I have opportunities to show how responsible I am","QuestionType":"MC","Selector":"SAVR","DataExportTag":"opportunities_responsibility","Choices":{"1":{"Display":"Not at all"},"2":{"Display":"Slightly"},"3":{"Display":"Moderately"},"4":{"Display":"Very much"},"5":{"Display":"Completely"}}}},{"SurveyID":"SV_eUJstaSWQeKykBM","Element":"SQ","PrimaryAttribute":"QID25","SecondaryAttribute":null,"TertiaryAttribute":null,"Payload":{"QuestionID":"QID25","QuestionText":"I feel secure when I am with my family","QuestionType":"MC","Selector":"SAVR","DataExportTag":"secure_with_family","Choices":{"1":{"Display":"Not at all"},"2":{"Display":"Slightly"},"3":{"Display":"Moderately"},"4":{"Display":"Very much"},"5":{"Display":"Completely"}}}},{"SurveyID":"SV_eUJstaSWQeKykBM","Element":"SQ","PrimaryAttribute":"QID26","SecondaryAttribute":null,"TertiaryAttribute":null,"Payload":{"QuestionID":"QID26","QuestionText":"I have opportunities to show my abilities","QuestionType":"MC","Selector":"SAVR","DataExportTag":"opportunities_abilities","Choices":{"1":{"Display":"Not at all"},"2":{"Display":"Slightly"},"3":{"Display":"Moderately"},"4":{"Display":"Very much"},"5":{"Display":"Completely"}}}},{"SurveyID":"SV_eUJstaSWQeKykBM","Element":"SQ","PrimaryAttribute":"QID27","SecondaryAttribute":null,"TertiaryAttribute":null,"Payload":{"QuestionID":"QID27","QuestionText":"I enjoy my community's traditions","QuestionType":"MC","Selector":"SAVR","DataExportTag":"enjoy_cultural_traditions","Choices":{"1":{"Display":"Not at all"},"2":{"Display":"Slightly"},"3":{"Display":"Moderately"},"4":{"Display":"Very much"},"5":{"Display":"Completely"}}}},{"SurveyID":"SV_eUJstaSWQeKykBM","Element":"SQ","PrimaryAttribute":"QID28","SecondaryAttribute":null,"TertiaryAttribute":null,"Payload":{"QuestionID":"QID28","QuestionText":"What environmental challenges have you experienced recently?","QuestionType":"TE","DataExportTag":"environmental_challenges"}},{"SurveyID":"SV_eUJstaSWQeKykBM","Element":"SQ","PrimaryAttribute":"QID29","SecondaryAttribute":null,"TertiaryAttribute":null,"Payload":{"QuestionID":"QID29","QuestionText":"How stressful were these challenges?","QuestionType":"MC","Selector":"SAVR","DataExportTag":"challenges_stress_level","Choices":{"1":{"Display":"Not stressful at all"},"2":{"Display":"Slightly stressful"},"3":{"Display":"Moderately stressful"},"4":{"Display":"Very stressful"},"5":{"Display":"Extremely stressful"}}}},{"SurveyID":"SV_eUJstaSWQeKykBM","Element":"SQ","PrimaryAttribute":"QID3","SecondaryAttribute":null,"TertiaryAttribute":null,"Payload":{"QuestionID":"QID3","QuestionText":"Living Arrangement","QuestionType":"MC","Selector":"SAVR","DataExportTag":"living_arrangement","Choices":{"1":{"Display":"Living alone"},"2":{"Display":"Living with partner\/spouse"},"3":{"Display":"Living with family"},"4":{"Display":"Living with roommates"},"5":{"Display":"Other"}}}},{"SurveyID":"SV_eUJstaSWQeKykBM","Element":"SQ","PrimaryAttribute":"QID30","SecondaryAttribute":null,"TertiaryAttribute":null,"Payload":{"QuestionID":"QID30","QuestionText":"Who or what helped you to manage\/cope with these environmental challenges?","QuestionType":"TE","DataExportTag":"coping_help"}},{"SurveyID":"SV_eUJstaSWQeKykBM","Element":"SQ","PrimaryAttribute":"QID31","SecondaryAttribute":null,"TertiaryAttribute":null,"Payload":{"QuestionID":"QID31","QuestionText":"Encrypted Location Data (Hidden)","QuestionType":"TE","DataExportTag":"location_data"}},{"SurveyID":"SV_eUJstaSWQeKykBM","Element":"SQ","PrimaryAttribute":"QID32","SecondaryAttribute":null,"TertiaryAttribute":null,"Payload":{"QuestionID":"QID32","QuestionText":"Submission Timestamp (Hidden)","QuestionType":"TE","DataExportTag":"submitted_at"}},{"SurveyID":"SV_eUJstaSWQeKykBM","Element":"SQ","PrimaryAttribute":"QID4","SecondaryAttribute":null,"TertiaryAttribute":null,"Payload":{"QuestionID":"QID4","QuestionText":"Relationship Status","QuestionType":"MC","Selector":"SAVR","DataExportTag":"relationship_status","Choices":{"1":{"Display":"Single"},"2":{"Display":"In a relationship"},"3":{"Display":"Married"},"4":{"Display":"Divorced"},"5":{"Display":"Widowed"},"6":{"Display":"Prefer not to say"}}}},{"SurveyID":"SV_eUJstaSWQeKykBM","Element":"SQ","PrimaryAttribute":"QID5","SecondaryAttribute":null,"TertiaryAttribute":null,"Payload":{"QuestionID":"QID5","QuestionText":"How would you describe your general health?","QuestionType":"MC","Selector":"SAVR","DataExportTag":"general_health","Choices":{"1":{"Display":"Excellent"},"2":{"Display":"Very good"},"3":{"Display":"Good"},"4":{"Display":"Fair"},"5":{"Display":"Poor"}}}},{"SurveyID":"SV_eUJstaSWQeKykBM","Element":"SQ","PrimaryAttribute":"QID6","SecondaryAttribute":null,"TertiaryAttribute":null,"Payload":{"QuestionID":"QID6","QuestionText":"Have you been in good spirits?","QuestionType":"MC","Selector":"SAVR","DataExportTag":"cheerful_spirits","Choices":[{"Display":"At no time"},{"Display":"Some of the time"},{"Display":"Less than half of the time"},{"Display":"More than half of the time"},{"Display":"Most of the time"},{"Display":"All of the time"}]}},{"SurveyID":"SV_eUJstaSWQeKykBM","Element":"SQ","PrimaryAttribute":"QID7","SecondaryAttribute":null,"TertiaryAttribute":null,"Payload":{"QuestionID":"QID7","QuestionText":"Have you felt calm and relaxed?","QuestionType":"MC","Selector":"SAVR","DataExportTag":"calm_relaxed","Choices":[{"Display":"At no time"},{"Display":"Some of the time"},{"Display":"Less than half of the time"},{"Display":"More than half of the time"},{"Display":"Most of the time"},{"Display":"All of the time"}]}},{"SurveyID":"SV_eUJstaSWQeKykBM","Element":"SQ","PrimaryAttribute":"QID8","SecondaryAttribute":null,"TertiaryAttribute":null,"Payload":{"QuestionID":"QID8","QuestionText":"Have you felt active and vigorous?","QuestionType":"MC","Selector":"SAVR","DataExportTag":"active_vigorous","Choices":[{"Display":"At no time"},{"Display":"Some of the time"},{"Display":"Less than half of the time"},{"Display":"More than half of the time"},{"Display":"Most of the time"},{"Display":"All of the time"}]}},{"SurveyID":"SV_eUJstaSWQeKykBM","Element":"SQ","PrimaryAttribute":"QID9","SecondaryAttribute":null,"TertiaryAttribute":null,"Payload":{"QuestionID":"QID9","QuestionText":"Did you wake up feeling fresh and rested?","QuestionType":"MC","Selector":"SAVR","DataExportTag":"woke_up_fresh","Choices":[{"Display":"At no time"},{"Display":"Some of the time"},{"Display":"Less than half of the time"},{"Display":"More than half of the time"},{"Display":"Most of the time"},{"Display":"All of the time"}]}}]}